<?xml version="1.0" encoding="utf-8"?>
<Project ToolsVersion="4.0" xmlns:atg="http://atg.xbox.com" xmlns="http://schemas.microsoft.com/developer/msbuild/2003">
  <ItemGroup>
    <Filter Include="Resource Files">
      <UniqueIdentifier>{8e114980-c1a3-4ada-ad7c-83caadf5daeb}</UniqueIdentifier>
      <Extensions>rc;ico;cur;bmp;dlg;rc2;rct;bin;rgs;gif;jpg;jpeg;jpe</Extensions>
    </Filter>
    <Filter Include="DXUT">
      <UniqueIdentifier>{a43c5c25-0e86-4a20-b64a-883785ff74fd}</UniqueIdentifier>
    </Filter>
    <Filter Include="Source Files">
      <UniqueIdentifier>{c5426a3e-cc19-475c-9015-3e56123859ad}</UniqueIdentifier>
    </Filter>
    <Filter Include="Source Files\Main">
      <UniqueIdentifier>{1db163a8-d9b7-4033-a3af-092c35188d76}</UniqueIdentifier>
    </Filter>
    <Filter Include="Source Files\Object">
      <UniqueIdentifier>{8bdab637-cdaa-44a0-a69d-ec4b9cf4042a}</UniqueIdentifier>
    </Filter>
    <Filter Include="Source Files\Scene">
      <UniqueIdentifier>{2947ddfe-f94f-4f37-857d-eeb7218c837e}</UniqueIdentifier>
    </Filter>
    <Filter Include="Source Files\Object\Title">
      <UniqueIdentifier>{19512f66-4d59-4879-a5a3-4c834bf451e6}</UniqueIdentifier>
    </Filter>
    <Filter Include="Source Files\Object\Monster">
      <UniqueIdentifier>{7e2002d3-79ee-46db-a654-13d1c247aa33}</UniqueIdentifier>
    </Filter>
  </ItemGroup>
  <ItemGroup>
    <None Include="DXUT\Optional\directx.ico">
      <Filter>Resource Files</Filter>
    </None>
  </ItemGroup>
  <ItemGroup>
    <CLInclude Include="resource.h">
      <Filter>Resource Files</Filter>
    </CLInclude>
    <ResourceCompile Include="NoName.rc">
      <Filter>Resource Files</Filter>
    </ResourceCompile>
    <ClInclude Include="Define.h">
      <Filter>Source Files\Main</Filter>
    </ClInclude>
    <ClInclude Include="Device.h">
      <Filter>Source Files\Main</Filter>
    </ClInclude>
    <ClInclude Include="Looper.h">
      <Filter>Source Files\Main</Filter>
    </ClInclude>
    <ClInclude Include="Texture.h">
      <Filter>Source Files\Main</Filter>
    </ClInclude>
    <ClInclude Include="MainMenu.h">
      <Filter>Source Files\Scene</Filter>
    </ClInclude>
    <ClInclude Include="Scene.h">
      <Filter>Source Files\Scene</Filter>
    </ClInclude>
    <ClInclude Include="BackGround.h">
      <Filter>Source Files\Object</Filter>
    </ClInclude>
    <ClInclude Include="Object.h">
      <Filter>Source Files\Object</Filter>
    </ClInclude>
    <ClInclude Include="Player.h">
      <Filter>Source Files\Object</Filter>
    </ClInclude>
    <ClInclude Include="Fire.h">
      <Filter>Source Files\Object</Filter>
    </ClInclude>
    <ClInclude Include="TitleBackWhite.h">
      <Filter>Source Files\Object\Title</Filter>
    </ClInclude>
    <ClInclude Include="TitleLogo.h">
      <Filter>Source Files\Object\Title</Filter>
    </ClInclude>
    <ClInclude Include="TitleHaku.h">
      <Filter>Source Files\Object\Title</Filter>
    </ClInclude>
    <ClInclude Include="TitleMenu.h">
      <Filter>Source Files\Object\Title</Filter>
    </ClInclude>
    <ClInclude Include="TitleMenuArrow.h">
      <Filter>Source Files\Object\Title</Filter>
    </ClInclude>
    <ClInclude Include="Stage01.h">
      <Filter>Source Files\Scene</Filter>
    </ClInclude>
    <ClInclude Include="Stage.h">
      <Filter>Source Files\Scene</Filter>
    </ClInclude>
    <ClInclude Include="Sound.h">
      <Filter>Source Files\Main</Filter>
    </ClInclude>
    <ClInclude Include="Effect.h">
      <Filter>Source Files\Object</Filter>
    </ClInclude>
    <ClInclude Include="MonsterBullet.h">
      <Filter>Source Files\Object</Filter>
    </ClInclude>
    <ClInclude Include="MBulletEffect.h">
      <Filter>Source Files\Object</Filter>
    </ClInclude>
    <ClInclude Include="Bar.h">
      <Filter>Source Files\Object</Filter>
    </ClInclude>
    <ClInclude Include="StageClear.h">
      <Filter>Source Files\Object</Filter>
    </ClInclude>
    <ClInclude Include="HowToPlay.h">
      <Filter>Source Files\Scene</Filter>
    </ClInclude>
    <ClInclude Include="Stage02.h">
      <Filter>Source Files\Scene</Filter>
    </ClInclude>
    <ClInclude Include="Stage03.h">
      <Filter>Source Files\Scene</Filter>
    </ClInclude>
    <ClInclude Include="Stage04.h">
      <Filter>Source Files\Scene</Filter>
    </ClInclude>
    <ClInclude Include="Stage05.h">
      <Filter>Source Files\Scene</Filter>
    </ClInclude>
    <ClInclude Include="SelectStage.h">
      <Filter>Source Files\Scene</Filter>
    </ClInclude>
    <ClInclude Include="Boss.h">
      <Filter>Source Files\Object\Monster</Filter>
    </ClInclude>
    <ClInclude Include="Boss01.h">
      <Filter>Source Files\Object\Monster</Filter>
    </ClInclude>
    <ClInclude Include="Boss02.h">
      <Filter>Source Files\Object\Monster</Filter>
    </ClInclude>
    <ClInclude Include="Boss03.h">
      <Filter>Source Files\Object\Monster</Filter>
    </ClInclude>
    <ClInclude Include="Boss04.h">
      <Filter>Source Files\Object\Monster</Filter>
    </ClInclude>
    <ClInclude Include="Boss05.h">
      <Filter>Source Files\Object\Monster</Filter>
    </ClInclude>
    <ClInclude Include="Monster.h">
      <Filter>Source Files\Object\Monster</Filter>
    </ClInclude>
    <ClInclude Include="StageSelector.h">
      <Filter>Source Files\Object</Filter>
    </ClInclude>
  </ItemGroup>
  <ItemGroup>
    <ClCompile Include="Main.cpp">
      <Filter>Source Files\Main</Filter>
    </ClCompile>
    <ClCompile Include="Device.cpp">
      <Filter>Source Files\Main</Filter>
    </ClCompile>
    <ClCompile Include="Looper.cpp">
      <Filter>Source Files\Main</Filter>
    </ClCompile>
    <ClCompile Include="Texture.cpp">
      <Filter>Source Files\Main</Filter>
    </ClCompile>
    <ClCompile Include="MainMenu.cpp">
      <Filter>Source Files\Scene</Filter>
    </ClCompile>
    <ClCompile Include="Scene.cpp">
      <Filter>Source Files\Scene</Filter>
    </ClCompile>
    <ClCompile Include="BackGround.cpp">
      <Filter>Source Files\Object</Filter>
    </ClCompile>
    <ClCompile Include="Object.cpp">
      <Filter>Source Files\Object</Filter>
    </ClCompile>
    <ClCompile Include="Player.cpp">
      <Filter>Source Files\Object</Filter>
    </ClCompile>
    <ClCompile Include="Fire.cpp">
      <Filter>Source Files\Object</Filter>
    </ClCompile>
    <ClCompile Include="TitleBackWhite.cpp">
      <Filter>Source Files\Object\Title</Filter>
    </ClCompile>
    <ClCompile Include="TitleLogo.cpp">
      <Filter>Source Files\Object\Title</Filter>
    </ClCompile>
    <ClCompile Include="TitleHaku.cpp">
      <Filter>Source Files\Object\Title</Filter>
    </ClCompile>
    <ClCompile Include="TitleMenu.cpp">
      <Filter>Source Files\Object\Title</Filter>
    </ClCompile>
    <ClCompile Include="TitleMenuArrow.cpp">
      <Filter>Source Files\Object\Title</Filter>
    </ClCompile>
    <ClCompile Include="Stage01.cpp">
      <Filter>Source Files\Scene</Filter>
    </ClCompile>
    <ClCompile Include="Stage.cpp">
      <Filter>Source Files\Scene</Filter>
    </ClCompile>
    <ClCompile Include="Sound.cpp">
      <Filter>Source Files\Main</Filter>
    </ClCompile>
    <ClCompile Include="Effect.cpp">
      <Filter>Source Files\Object</Filter>
    </ClCompile>
    <ClCompile Include="MonsterBullet.cpp">
      <Filter>Source Files\Object</Filter>
    </ClCompile>
    <ClCompile Include="MBulletEffect.cpp">
      <Filter>Source Files\Object</Filter>
    </ClCompile>
    <ClCompile Include="Bar.cpp">
      <Filter>Source Files\Object</Filter>
    </ClCompile>
    <ClCompile Include="StageClear.cpp">
      <Filter>Source Files\Object</Filter>
    </ClCompile>
    <ClCompile Include="HowToPlay.cpp">
      <Filter>Source Files\Scene</Filter>
    </ClCompile>
    <ClCompile Include="Stage02.cpp">
      <Filter>Source Files\Scene</Filter>
    </ClCompile>
    <ClCompile Include="Stage03.cpp">
      <Filter>Source Files\Scene</Filter>
    </ClCompile>
    <ClCompile Include="Stage04.cpp">
      <Filter>Source Files\Scene</Filter>
    </ClCompile>
    <ClCompile Include="Stage05.cpp">
      <Filter>Source Files\Scene</Filter>
    </ClCompile>
    <ClCompile Include="SelectStage.cpp">
      <Filter>Source Files\Scene</Filter>
    </ClCompile>
    <ClCompile Include="Boss.cpp">
      <Filter>Source Files\Object\Monster</Filter>
    </ClCompile>
    <ClCompile Include="Boss01.cpp">
      <Filter>Source Files\Object\Monster</Filter>
    </ClCompile>
    <ClCompile Include="Boss02.cpp">
      <Filter>Source Files\Object\Monster</Filter>
    </ClCompile>
    <ClCompile Include="Boss03.cpp">
      <Filter>Source Files\Object\Monster</Filter>
    </ClCompile>
    <ClCompile Include="Boss04.cpp">
      <Filter>Source Files\Object\Monster</Filter>
    </ClCompile>
    <ClCompile Include="Boss05.cpp">
      <Filter>Source Files\Object\Monster</Filter>
    </ClCompile>
    <ClCompile Include="Monster.cpp">
      <Filter>Source Files\Object\Monster</Filter>
    </ClCompile>
    <ClCompile Include="StageSelector.cpp">
      <Filter>Source Files\Object</Filter>
    </ClCompile>
  </ItemGroup>
  <ItemGroup>
    <Text Include="스테이지 구성.txt" />
  </ItemGroup>
</Project>